
Microsoft Visual Studio Solution File, Format Version 12.00
# Visual Studio Version 17
VisualStudioVersion = 17.3.32825.248
MinimumVisualStudioVersion = 10.0.40219.1
Project("{9A19103F-16F7-4668-BE54-9A1E7A4F7556}") = "lab2", "lab2\lab2.csproj", "{97E99A21-B847-494A-9392-1BA6BBA725BF}"
EndProject
Project("{9A19103F-16F7-4668-BE54-9A1E7A4F7556}") = "Client", "socketClient\Client.csproj", "{7EE1F8CE-9BF6-4F96-891B-1769BCCF9F63}"
EndProject
Project("{9A19103F-16F7-4668-BE54-9A1E7A4F7556}") = "Server", "socketServer\Server.csproj", "{99ABE48B-A0A4-488E-8030-04DBAD6AEE5F}"
EndProject
Global
	GlobalSection(SolutionConfigurationPlatforms) = preSolution
		Debug|Any CPU = Debug|Any CPU
		Release|Any CPU = Release|Any CPU
	EndGlobalSection
	GlobalSection(ProjectConfigurationPlatforms) = postSolution
		{97E99A21-B847-494A-9392-1BA6BBA725BF}.Debug|Any CPU.ActiveCfg = Debug|Any CPU
		{97E99A21-B847-494A-9392-1BA6BBA725BF}.Debug|Any CPU.Build.0 = Debug|Any CPU
		{97E99A21-B847-494A-9392-1BA6BBA725BF}.Release|Any CPU.ActiveCfg = Release|Any CPU
		{97E99A21-B847-494A-9392-1BA6BBA725BF}.Release|Any CPU.Build.0 = Release|Any CPU
		{7EE1F8CE-9BF6-4F96-891B-1769BCCF9F63}.Debug|Any CPU.ActiveCfg = Debug|Any CPU
		{7EE1F8CE-9BF6-4F96-891B-1769BCCF9F63}.Debug|Any CPU.Build.0 = Debug|Any CPU
		{7EE1F8CE-9BF6-4F96-891B-1769BCCF9F63}.Release|Any CPU.ActiveCfg = Release|Any CPU
		{7EE1F8CE-9BF6-4F96-891B-1769BCCF9F63}.Release|Any CPU.Build.0 = Release|Any CPU
		{99ABE48B-A0A4-488E-8030-04DBAD6AEE5F}.Debug|Any CPU.ActiveCfg = Debug|Any CPU
		{99ABE48B-A0A4-488E-8030-04DBAD6AEE5F}.Debug|Any CPU.Build.0 = Debug|Any CPU
		{99ABE48B-A0A4-488E-8030-04DBAD6AEE5F}.Release|Any CPU.ActiveCfg = Release|Any CPU
		{99ABE48B-A0A4-488E-8030-04DBAD6AEE5F}.Release|Any CPU.Build.0 = Release|Any CPU
	EndGlobalSection
	GlobalSection(SolutionProperties) = preSolution
		HideSolutionNode = FALSE
	EndGlobalSection
	GlobalSection(ExtensibilityGlobals) = postSolution
		SolutionGuid = {A9D41778-8E12-4EC8-84CA-8A2CC7C03E91}
	EndGlobalSection
EndGlobal
